
Microsoft Visual Studio Solution File, Format Version 12.00
# Visual Studio Version 17
VisualStudioVersion = 17.5.002.0
MinimumVisualStudioVersion = 10.0.40219.1
Project("{9A19103F-16F7-4668-BE54-9A1E7A4F7556}") = "InfnetMVC", "InfnetMVC.csproj", "{D374BF98-F57C-46CC-A727-12238A7174B2}"
EndProject
Global
	GlobalSection(SolutionConfigurationPlatforms) = preSolution
		Debug|Any CPU = Debug|Any CPU
		Release|Any CPU = Release|Any CPU
	EndGlobalSection
	GlobalSection(ProjectConfigurationPlatforms) = postSolution
		{D374BF98-F57C-46CC-A727-12238A7174B2}.Debug|Any CPU.ActiveCfg = Debug|Any CPU
		{D374BF98-F57C-46CC-A727-12238A7174B2}.Debug|Any CPU.Build.0 = Debug|Any CPU
		{D374BF98-F57C-46CC-A727-12238A7174B2}.Release|Any CPU.ActiveCfg = Release|Any CPU
		{D374BF98-F57C-46CC-A727-12238A7174B2}.Release|Any CPU.Build.0 = Release|Any CPU
	EndGlobalSection
	GlobalSection(SolutionProperties) = preSolution
		HideSolutionNode = FALSE
	EndGlobalSection
	GlobalSection(ExtensibilityGlobals) = postSolution
		SolutionGuid = {C5B03B94-4354-42C4-8084-87C218D1D2DF}
	EndGlobalSection
EndGlobal
